
Microsoft Visual Studio Solution File, Format Version 12.00
# Visual Studio 15
VisualStudioVersion = 15.0.28307.329
MinimumVisualStudioVersion = 10.0.40219.1
Project("{FAE04EC0-301F-11D3-BF4B-00C04F79EFBC}") = "PracticeApp", "PracticeApp\PracticeApp.csproj", "{D5708017-2796-43B6-ACE1-F5724DFB98A6}"
EndProject
Project("{FAE04EC0-301F-11D3-BF4B-00C04F79EFBC}") = "PracticeAppUnitTests", "PracticeAppUnitTests\PracticeAppUnitTests.csproj", "{72032D8E-0E7A-447E-B883-C208ACD611D0}"
EndProject
Global
	GlobalSection(SolutionConfigurationPlatforms) = preSolution
		Debug|Any CPU = Debug|Any CPU
		Release|Any CPU = Release|Any CPU
	EndGlobalSection
	GlobalSection(ProjectConfigurationPlatforms) = postSolution
		{D5708017-2796-43B6-ACE1-F5724DFB98A6}.Debug|Any CPU.ActiveCfg = Debug|Any CPU
		{D5708017-2796-43B6-ACE1-F5724DFB98A6}.Debug|Any CPU.Build.0 = Debug|Any CPU
		{D5708017-2796-43B6-ACE1-F5724DFB98A6}.Release|Any CPU.ActiveCfg = Release|Any CPU
		{D5708017-2796-43B6-ACE1-F5724DFB98A6}.Release|Any CPU.Build.0 = Release|Any CPU
		{72032D8E-0E7A-447E-B883-C208ACD611D0}.Debug|Any CPU.ActiveCfg = Debug|Any CPU
		{72032D8E-0E7A-447E-B883-C208ACD611D0}.Debug|Any CPU.Build.0 = Debug|Any CPU
		{72032D8E-0E7A-447E-B883-C208ACD611D0}.Release|Any CPU.ActiveCfg = Release|Any CPU
		{72032D8E-0E7A-447E-B883-C208ACD611D0}.Release|Any CPU.Build.0 = Release|Any CPU
	EndGlobalSection
	GlobalSection(SolutionProperties) = preSolution
		HideSolutionNode = FALSE
	EndGlobalSection
	GlobalSection(ExtensibilityGlobals) = postSolution
		SolutionGuid = {A27EF51D-0F20-4585-A2B4-76162599E77D}
	EndGlobalSection
EndGlobal
